
Microsoft Visual Studio Solution File, Format Version 12.00
# Visual Studio 14
VisualStudioVersion = 14.0.24720.0
MinimumVisualStudioVersion = 10.0.40219.1
Project("{FAE04EC0-301F-11D3-BF4B-00C04F79EFBC}") = "CarWash.Domain", "CarWash.Domain\CarWash.Domain.csproj", "{60DB166F-91FD-4381-B586-197BF1A73808}"
EndProject
Project("{2150E333-8FDC-42A3-9474-1A3956D46DE8}") = "0 - Domain", "0 - Domain", "{8E2DA8CF-D626-4001-BCF7-40F24F1874F3}"
EndProject
Global
	GlobalSection(SolutionConfigurationPlatforms) = preSolution
		Debug|Any CPU = Debug|Any CPU
		Release|Any CPU = Release|Any CPU
	EndGlobalSection
	GlobalSection(ProjectConfigurationPlatforms) = postSolution
		{60DB166F-91FD-4381-B586-197BF1A73808}.Debug|Any CPU.ActiveCfg = Debug|Any CPU
		{60DB166F-91FD-4381-B586-197BF1A73808}.Debug|Any CPU.Build.0 = Debug|Any CPU
		{60DB166F-91FD-4381-B586-197BF1A73808}.Release|Any CPU.ActiveCfg = Release|Any CPU
		{60DB166F-91FD-4381-B586-197BF1A73808}.Release|Any CPU.Build.0 = Release|Any CPU
	EndGlobalSection
	GlobalSection(SolutionProperties) = preSolution
		HideSolutionNode = FALSE
	EndGlobalSection
	GlobalSection(NestedProjects) = preSolution
		{60DB166F-91FD-4381-B586-197BF1A73808} = {8E2DA8CF-D626-4001-BCF7-40F24F1874F3}
	EndGlobalSection
EndGlobal
